
Microsoft Visual Studio Solution File, Format Version 12.00
# Visual Studio 15
VisualStudioVersion = 15.0.26124.0
MinimumVisualStudioVersion = 15.0.26124.0
Project("{FAE04EC0-301F-11D3-BF4B-00C04F79EFBC}") = "PaymentContext.Domain", "PaymentContext.Domain\PaymentContext.Domain.csproj", "{2C5CC099-D1B8-4AC7-8296-969D0CA993A0}"
EndProject
Project("{FAE04EC0-301F-11D3-BF4B-00C04F79EFBC}") = "PaymentContext.Shared", "PaymentContext.Shared\PaymentContext.Shared.csproj", "{C271EA2F-9E8E-483A-B5CA-DDA7B1E3DDAC}"
EndProject
Project("{FAE04EC0-301F-11D3-BF4B-00C04F79EFBC}") = "PaymentContext.Tests", "PaymentContext.Tests\PaymentContext.Tests.csproj", "{E7D475E3-3F34-4A2E-87CF-6905FEFBD1C6}"
EndProject
Global
	GlobalSection(SolutionConfigurationPlatforms) = preSolution
		Debug|Any CPU = Debug|Any CPU
		Debug|x64 = Debug|x64
		Debug|x86 = Debug|x86
		Release|Any CPU = Release|Any CPU
		Release|x64 = Release|x64
		Release|x86 = Release|x86
	EndGlobalSection
	GlobalSection(SolutionProperties) = preSolution
		HideSolutionNode = FALSE
	EndGlobalSection
	GlobalSection(ProjectConfigurationPlatforms) = postSolution
		{2C5CC099-D1B8-4AC7-8296-969D0CA993A0}.Debug|Any CPU.ActiveCfg = Debug|Any CPU
		{2C5CC099-D1B8-4AC7-8296-969D0CA993A0}.Debug|Any CPU.Build.0 = Debug|Any CPU
		{2C5CC099-D1B8-4AC7-8296-969D0CA993A0}.Debug|x64.ActiveCfg = Debug|Any CPU
		{2C5CC099-D1B8-4AC7-8296-969D0CA993A0}.Debug|x64.Build.0 = Debug|Any CPU
		{2C5CC099-D1B8-4AC7-8296-969D0CA993A0}.Debug|x86.ActiveCfg = Debug|Any CPU
		{2C5CC099-D1B8-4AC7-8296-969D0CA993A0}.Debug|x86.Build.0 = Debug|Any CPU
		{2C5CC099-D1B8-4AC7-8296-969D0CA993A0}.Release|Any CPU.ActiveCfg = Release|Any CPU
		{2C5CC099-D1B8-4AC7-8296-969D0CA993A0}.Release|Any CPU.Build.0 = Release|Any CPU
		{2C5CC099-D1B8-4AC7-8296-969D0CA993A0}.Release|x64.ActiveCfg = Release|Any CPU
		{2C5CC099-D1B8-4AC7-8296-969D0CA993A0}.Release|x64.Build.0 = Release|Any CPU
		{2C5CC099-D1B8-4AC7-8296-969D0CA993A0}.Release|x86.ActiveCfg = Release|Any CPU
		{2C5CC099-D1B8-4AC7-8296-969D0CA993A0}.Release|x86.Build.0 = Release|Any CPU
		{C271EA2F-9E8E-483A-B5CA-DDA7B1E3DDAC}.Debug|Any CPU.ActiveCfg = Debug|Any CPU
		{C271EA2F-9E8E-483A-B5CA-DDA7B1E3DDAC}.Debug|Any CPU.Build.0 = Debug|Any CPU
		{C271EA2F-9E8E-483A-B5CA-DDA7B1E3DDAC}.Debug|x64.ActiveCfg = Debug|Any CPU
		{C271EA2F-9E8E-483A-B5CA-DDA7B1E3DDAC}.Debug|x64.Build.0 = Debug|Any CPU
		{C271EA2F-9E8E-483A-B5CA-DDA7B1E3DDAC}.Debug|x86.ActiveCfg = Debug|Any CPU
		{C271EA2F-9E8E-483A-B5CA-DDA7B1E3DDAC}.Debug|x86.Build.0 = Debug|Any CPU
		{C271EA2F-9E8E-483A-B5CA-DDA7B1E3DDAC}.Release|Any CPU.ActiveCfg = Release|Any CPU
		{C271EA2F-9E8E-483A-B5CA-DDA7B1E3DDAC}.Release|Any CPU.Build.0 = Release|Any CPU
		{C271EA2F-9E8E-483A-B5CA-DDA7B1E3DDAC}.Release|x64.ActiveCfg = Release|Any CPU
		{C271EA2F-9E8E-483A-B5CA-DDA7B1E3DDAC}.Release|x64.Build.0 = Release|Any CPU
		{C271EA2F-9E8E-483A-B5CA-DDA7B1E3DDAC}.Release|x86.ActiveCfg = Release|Any CPU
		{C271EA2F-9E8E-483A-B5CA-DDA7B1E3DDAC}.Release|x86.Build.0 = Release|Any CPU
		{78730483-3F97-4E45-8DFB-61684BCF8247}.Debug|Any CPU.ActiveCfg = Debug|Any CPU
		{78730483-3F97-4E45-8DFB-61684BCF8247}.Debug|Any CPU.Build.0 = Debug|Any CPU
		{78730483-3F97-4E45-8DFB-61684BCF8247}.Debug|x64.ActiveCfg = Debug|Any CPU
		{78730483-3F97-4E45-8DFB-61684BCF8247}.Debug|x64.Build.0 = Debug|Any CPU
		{78730483-3F97-4E45-8DFB-61684BCF8247}.Debug|x86.ActiveCfg = Debug|Any CPU
		{78730483-3F97-4E45-8DFB-61684BCF8247}.Debug|x86.Build.0 = Debug|Any CPU
		{78730483-3F97-4E45-8DFB-61684BCF8247}.Release|Any CPU.ActiveCfg = Release|Any CPU
		{78730483-3F97-4E45-8DFB-61684BCF8247}.Release|Any CPU.Build.0 = Release|Any CPU
		{78730483-3F97-4E45-8DFB-61684BCF8247}.Release|x64.ActiveCfg = Release|Any CPU
		{78730483-3F97-4E45-8DFB-61684BCF8247}.Release|x64.Build.0 = Release|Any CPU
		{78730483-3F97-4E45-8DFB-61684BCF8247}.Release|x86.ActiveCfg = Release|Any CPU
		{78730483-3F97-4E45-8DFB-61684BCF8247}.Release|x86.Build.0 = Release|Any CPU
		{E7D475E3-3F34-4A2E-87CF-6905FEFBD1C6}.Debug|Any CPU.ActiveCfg = Debug|Any CPU
		{E7D475E3-3F34-4A2E-87CF-6905FEFBD1C6}.Debug|Any CPU.Build.0 = Debug|Any CPU
		{E7D475E3-3F34-4A2E-87CF-6905FEFBD1C6}.Debug|x64.ActiveCfg = Debug|Any CPU
		{E7D475E3-3F34-4A2E-87CF-6905FEFBD1C6}.Debug|x64.Build.0 = Debug|Any CPU
		{E7D475E3-3F34-4A2E-87CF-6905FEFBD1C6}.Debug|x86.ActiveCfg = Debug|Any CPU
		{E7D475E3-3F34-4A2E-87CF-6905FEFBD1C6}.Debug|x86.Build.0 = Debug|Any CPU
		{E7D475E3-3F34-4A2E-87CF-6905FEFBD1C6}.Release|Any CPU.ActiveCfg = Release|Any CPU
		{E7D475E3-3F34-4A2E-87CF-6905FEFBD1C6}.Release|Any CPU.Build.0 = Release|Any CPU
		{E7D475E3-3F34-4A2E-87CF-6905FEFBD1C6}.Release|x64.ActiveCfg = Release|Any CPU
		{E7D475E3-3F34-4A2E-87CF-6905FEFBD1C6}.Release|x64.Build.0 = Release|Any CPU
		{E7D475E3-3F34-4A2E-87CF-6905FEFBD1C6}.Release|x86.ActiveCfg = Release|Any CPU
		{E7D475E3-3F34-4A2E-87CF-6905FEFBD1C6}.Release|x86.Build.0 = Release|Any CPU
	EndGlobalSection
EndGlobal
